
Microsoft Visual Studio Solution File, Format Version 12.00
# Visual Studio Version 16
VisualStudioVersion = 16.0.29613.14
MinimumVisualStudioVersion = 10.0.40219.1
Project("{FAE04EC0-301F-11D3-BF4B-00C04F79EFBC}") = "Carat", "Carat\Carat.csproj", "{05C85D4C-91F6-4560-9A02-738BDAD5EB5E}"
EndProject
Project("{FAE04EC0-301F-11D3-BF4B-00C04F79EFBC}") = "Carat.Data", "Carat.Data\Carat.Data.csproj", "{A8BFC484-EA84-4A8C-9725-B774E100D943}"
EndProject
Project("{FAE04EC0-301F-11D3-BF4B-00C04F79EFBC}") = "Carat.EF", "Carat.EF\Carat.EF.csproj", "{415387F0-533E-45E3-AF1D-DF00A64BBEAF}"
EndProject
Global
	GlobalSection(SolutionConfigurationPlatforms) = preSolution
		Debug|Any CPU = Debug|Any CPU
		Release|Any CPU = Release|Any CPU
	EndGlobalSection
	GlobalSection(ProjectConfigurationPlatforms) = postSolution
		{05C85D4C-91F6-4560-9A02-738BDAD5EB5E}.Debug|Any CPU.ActiveCfg = Debug|Any CPU
		{05C85D4C-91F6-4560-9A02-738BDAD5EB5E}.Debug|Any CPU.Build.0 = Debug|Any CPU
		{05C85D4C-91F6-4560-9A02-738BDAD5EB5E}.Release|Any CPU.ActiveCfg = Release|Any CPU
		{05C85D4C-91F6-4560-9A02-738BDAD5EB5E}.Release|Any CPU.Build.0 = Release|Any CPU
		{A8BFC484-EA84-4A8C-9725-B774E100D943}.Debug|Any CPU.ActiveCfg = Debug|Any CPU
		{A8BFC484-EA84-4A8C-9725-B774E100D943}.Debug|Any CPU.Build.0 = Debug|Any CPU
		{A8BFC484-EA84-4A8C-9725-B774E100D943}.Release|Any CPU.ActiveCfg = Release|Any CPU
		{A8BFC484-EA84-4A8C-9725-B774E100D943}.Release|Any CPU.Build.0 = Release|Any CPU
		{415387F0-533E-45E3-AF1D-DF00A64BBEAF}.Debug|Any CPU.ActiveCfg = Debug|Any CPU
		{415387F0-533E-45E3-AF1D-DF00A64BBEAF}.Debug|Any CPU.Build.0 = Debug|Any CPU
		{415387F0-533E-45E3-AF1D-DF00A64BBEAF}.Release|Any CPU.ActiveCfg = Release|Any CPU
		{415387F0-533E-45E3-AF1D-DF00A64BBEAF}.Release|Any CPU.Build.0 = Release|Any CPU
	EndGlobalSection
	GlobalSection(SolutionProperties) = preSolution
		HideSolutionNode = FALSE
	EndGlobalSection
	GlobalSection(ExtensibilityGlobals) = postSolution
		SolutionGuid = {10D409CD-0C17-45E0-BC17-6CE77A7D1F6D}
	EndGlobalSection
EndGlobal
